
Microsoft Visual Studio Solution File, Format Version 12.00
# Visual Studio 15
VisualStudioVersion = 15.0.28307.136
MinimumVisualStudioVersion = 10.0.40219.1
Project("{FAE04EC0-301F-11D3-BF4B-00C04F79EFBC}") = "Graph_Algorithm", "Graph_Algorithm\Graph_Algorithm.csproj", "{780DEA2C-90D9-441A-863F-4DE0409A17B2}"
EndProject
Global
	GlobalSection(SolutionConfigurationPlatforms) = preSolution
		Debug|Any CPU = Debug|Any CPU
		Release|Any CPU = Release|Any CPU
	EndGlobalSection
	GlobalSection(ProjectConfigurationPlatforms) = postSolution
		{780DEA2C-90D9-441A-863F-4DE0409A17B2}.Debug|Any CPU.ActiveCfg = Debug|Any CPU
		{780DEA2C-90D9-441A-863F-4DE0409A17B2}.Debug|Any CPU.Build.0 = Debug|Any CPU
		{780DEA2C-90D9-441A-863F-4DE0409A17B2}.Release|Any CPU.ActiveCfg = Release|Any CPU
		{780DEA2C-90D9-441A-863F-4DE0409A17B2}.Release|Any CPU.Build.0 = Release|Any CPU
	EndGlobalSection
	GlobalSection(SolutionProperties) = preSolution
		HideSolutionNode = FALSE
	EndGlobalSection
	GlobalSection(ExtensibilityGlobals) = postSolution
		SolutionGuid = {E5B9645C-2609-4EC0-957E-217CD968A81D}
	EndGlobalSection
EndGlobal
